
Microsoft Visual Studio Solution File, Format Version 12.00
# Visual Studio Version 17
VisualStudioVersion = 17.0.32014.148
MinimumVisualStudioVersion = 10.0.40219.1
Project("{FAE04EC0-301F-11D3-BF4B-00C04F79EFBC}") = "homework html", "homework html\homework html.csproj", "{49ECA0E7-AE3B-4A13-8E2C-F48A372A050A}"
EndProject
Global
	GlobalSection(SolutionConfigurationPlatforms) = preSolution
		Debug|Any CPU = Debug|Any CPU
		Release|Any CPU = Release|Any CPU
	EndGlobalSection
	GlobalSection(ProjectConfigurationPlatforms) = postSolution
		{49ECA0E7-AE3B-4A13-8E2C-F48A372A050A}.Debug|Any CPU.ActiveCfg = Debug|Any CPU
		{49ECA0E7-AE3B-4A13-8E2C-F48A372A050A}.Debug|Any CPU.Build.0 = Debug|Any CPU
		{49ECA0E7-AE3B-4A13-8E2C-F48A372A050A}.Release|Any CPU.ActiveCfg = Release|Any CPU
		{49ECA0E7-AE3B-4A13-8E2C-F48A372A050A}.Release|Any CPU.Build.0 = Release|Any CPU
	EndGlobalSection
	GlobalSection(SolutionProperties) = preSolution
		HideSolutionNode = FALSE
	EndGlobalSection
	GlobalSection(ExtensibilityGlobals) = postSolution
		SolutionGuid = {217180F5-F107-45C8-8562-D8FC00C9E028}
	EndGlobalSection
EndGlobal
